{
  "nodes": {
    "flake-utils": {
      "locked": {
        "lastModified": 1631561581,
        "narHash": "sha256-3VQMV5zvxaVLvqqUrNz3iJelLw30mIVSfZmAaauM3dA=",
        "owner": "numtide",
        "repo": "flake-utils",
        "rev": "7e5bf3925f6fbdfaf50a2a7ca0be2879c4261d19",
        "type": "github"
      },
      "original": {
        "owner": "numtide",
        "repo": "flake-utils",
        "type": "github"
      }
    },
    "harvest-admin-app": {
      "inputs": {
        "nixpkgs": "nixpkgs",
        "nixpkgs-old": "nixpkgs-old",
        "spago2nixSource": "spago2nixSource"
      },
      "locked": {
        "lastModified": 1662464150,
        "narHash": "sha256-j1sjorldmw/MR/9060panNHgiUW2nuH8keA5GEcjCrg=",
        "ref": "master",
        "rev": "6f7d144fe0bdc4b76ae18e16456eaef6a05cb74e",
        "revCount": 49,
        "type": "git",
        "url": "ssh://git@github.com/rskew/greengrocer-admin-app.git"
      },
      "original": {
        "type": "git",
        "url": "ssh://git@github.com/rskew/greengrocer-admin-app.git"
      }
    },
    "harvest-front-page": {
      "flake": false,
      "locked": {
        "lastModified": 1651843239,
        "narHash": "sha256-VzOjgVib/jkPYqWBJAtmibsOFH7NfyE/H6kPE77hE7A=",
        "owner": "rskew",
        "repo": "harvest-front-page",
        "rev": "9affa967b3ae6a63acb138ab31c3e5e3c55d504d",
        "type": "github"
      },
      "original": {
        "owner": "rskew",
        "repo": "harvest-front-page",
        "type": "github"
      }
    },
    "home-manager": {
      "inputs": {
        "nixpkgs": [
          "nixpkgs-unstable"
        ]
      },
      "locked": {
        "lastModified": 1651800560,
        "narHash": "sha256-LUfR0/Fv8DA0uu8Uex2S1QcLiE4B5ylplbXmMs6/YoM=",
        "owner": "nix-community",
        "repo": "home-manager",
        "rev": "538343be863cb0b9e9f1471e6dc09e0e140c7b3d",
        "type": "github"
      },
      "original": {
        "owner": "nix-community",
        "repo": "home-manager",
        "type": "github"
      }
    },
    "kmonad": {
      "inputs": {
        "flake-utils": "flake-utils",
        "nixpkgs": "nixpkgs_2"
      },
      "locked": {
        "dir": "nix",
        "lastModified": 1651596217,
        "narHash": "sha256-gvQsenQrEsLxLFgUGJhJBIx3+t1dtLMMTVEO/yZ8nRg=",
        "owner": "rskew",
        "repo": "kmonad",
        "rev": "135aa4b1710f26579f2a1c56fb13b51aeef9d680",
        "type": "github"
      },
      "original": {
        "dir": "nix",
        "owner": "rskew",
        "repo": "kmonad",
        "type": "github"
      }
    },
    "nixpkgs": {
      "locked": {
        "lastModified": 1662099760,
        "narHash": "sha256-MdZLCTJPeHi/9fg6R9fiunyDwP3XHJqDd51zWWz9px0=",
        "owner": "NixOS",
        "repo": "nixpkgs",
        "rev": "67e45078141102f45eff1589a831aeaa3182b41e",
        "type": "github"
      },
      "original": {
        "id": "nixpkgs",
        "ref": "nixos-22.05",
        "type": "indirect"
      }
    },
    "nixpkgs-old": {
      "locked": {
        "lastModified": 1659446231,
        "narHash": "sha256-hekabNdTdgR/iLsgce5TGWmfIDZ86qjPhxDg/8TlzhE=",
        "owner": "NixOS",
        "repo": "nixpkgs",
        "rev": "eabc38219184cc3e04a974fe31857d8e0eac098d",
        "type": "github"
      },
      "original": {
        "id": "nixpkgs",
        "ref": "nixos-21.11",
        "type": "indirect"
      }
    },
    "nixpkgs-unstable": {
      "locked": {
        "lastModified": 1651007983,
        "narHash": "sha256-GNay7yDPtLcRcKCNHldug85AhAvBpTtPEJWSSDYBw8U=",
        "owner": "nixos",
        "repo": "nixpkgs",
        "rev": "e10da1c7f542515b609f8dfbcf788f3d85b14936",
        "type": "github"
      },
      "original": {
        "owner": "nixos",
        "ref": "nixos-unstable",
        "repo": "nixpkgs",
        "type": "github"
      }
    },
    "nixpkgs_2": {
      "locked": {
        "lastModified": 1632418649,
        "narHash": "sha256-4rZspkiQU7zbsuciRRMgoEPkAF/+FSv2jx/VIPxPVx4=",
        "owner": "NixOS",
        "repo": "nixpkgs",
        "rev": "056a3c1fae30d06d14b171b9023743c21a23ec1a",
        "type": "github"
      },
      "original": {
        "id": "nixpkgs",
        "ref": "nixos-21.05",
        "type": "indirect"
      }
    },
    "nixpkgs_3": {
      "locked": {
        "lastModified": 1662099760,
        "narHash": "sha256-MdZLCTJPeHi/9fg6R9fiunyDwP3XHJqDd51zWWz9px0=",
        "owner": "nixos",
        "repo": "nixpkgs",
        "rev": "67e45078141102f45eff1589a831aeaa3182b41e",
        "type": "github"
      },
      "original": {
        "owner": "nixos",
        "ref": "nixos-22.05",
        "repo": "nixpkgs",
        "type": "github"
      }
    },
    "root": {
      "inputs": {
        "harvest-admin-app": "harvest-admin-app",
        "harvest-front-page": "harvest-front-page",
        "home-manager": "home-manager",
        "kmonad": "kmonad",
        "nixpkgs": "nixpkgs_3",
        "nixpkgs-unstable": "nixpkgs-unstable"
      }
    },
    "spago2nixSource": {
      "flake": false,
      "locked": {
        "lastModified": 1641236534,
        "narHash": "sha256-a5cBQdkFg98NC8mpKzfVm5Iv2DtMSLlr9IclWp5D8mI=",
        "owner": "justinwoo",
        "repo": "spago2nix",
        "rev": "1c834738a8216a4c89d9defac9bf1c331d302a6a",
        "type": "github"
      },
      "original": {
        "owner": "justinwoo",
        "repo": "spago2nix",
        "type": "github"
      }
    }
  },
  "root": "root",
  "version": 7
}
