{
  "nodes": {
    "agenix": {
      "inputs": {
        "darwin": "darwin",
        "nixpkgs": [
          "nixpkgs"
        ]
      },
      "locked": {
        "lastModified": 1677969766,
        "narHash": "sha256-AIp/ZYZMNLDZR/H7iiAlaGpu4lcXsVt9JQpBlf43HRY=",
        "owner": "ryantm",
        "repo": "agenix",
        "rev": "03b51fe8e459a946c4b88dcfb6446e45efb2c24e",
        "type": "github"
      },
      "original": {
        "owner": "ryantm",
        "repo": "agenix",
        "type": "github"
      }
    },
    "autofarm": {
      "inputs": {
        "nix-rebar3": "nix-rebar3",
        "nixpkgs": "nixpkgs",
        "purerl": "purerl",
        "spago2nix": "spago2nix"
      },
      "locked": {
        "lastModified": 1674920510,
        "narHash": "sha256-yQmFN/SQOHDfIPFDLzLd1oom1Em+e6cDf5vjixQmRnE=",
        "owner": "rskew",
        "repo": "autofarm",
        "rev": "d3cdd22c4f5f36368cb7f9eb109f5dd587d763e2",
        "type": "github"
      },
      "original": {
        "owner": "rskew",
        "repo": "autofarm",
        "type": "github"
      }
    },
    "base16": {
      "inputs": {
        "fromYaml": "fromYaml"
      },
      "locked": {
        "lastModified": 1755819240,
        "narHash": "sha256-qcMhnL7aGAuFuutH4rq9fvAhCpJWVHLcHVZLtPctPlo=",
        "owner": "SenchoPens",
        "repo": "base16.nix",
        "rev": "75ed5e5e3fce37df22e49125181fa37899c3ccd6",
        "type": "github"
      },
      "original": {
        "owner": "SenchoPens",
        "repo": "base16.nix",
        "type": "github"
      }
    },
    "base16-fish": {
      "flake": false,
      "locked": {
        "lastModified": 1754405784,
        "narHash": "sha256-l9xHIy+85FN+bEo6yquq2IjD1rSg9fjfjpyGP1W8YXo=",
        "owner": "tomyun",
        "repo": "base16-fish",
        "rev": "23ae20a0093dca0d7b39d76ba2401af0ccf9c561",
        "type": "github"
      },
      "original": {
        "owner": "tomyun",
        "repo": "base16-fish",
        "rev": "23ae20a0093dca0d7b39d76ba2401af0ccf9c561",
        "type": "github"
      }
    },
    "base16-helix": {
      "flake": false,
      "locked": {
        "lastModified": 1760703920,
        "narHash": "sha256-m82fGUYns4uHd+ZTdoLX2vlHikzwzdu2s2rYM2bNwzw=",
        "owner": "tinted-theming",
        "repo": "base16-helix",
        "rev": "d646af9b7d14bff08824538164af99d0c521b185",
        "type": "github"
      },
      "original": {
        "owner": "tinted-theming",
        "repo": "base16-helix",
        "type": "github"
      }
    },
    "base16-vim": {
      "flake": false,
      "locked": {
        "lastModified": 1732806396,
        "narHash": "sha256-e0bpPySdJf0F68Ndanwm+KWHgQiZ0s7liLhvJSWDNsA=",
        "owner": "tinted-theming",
        "repo": "base16-vim",
        "rev": "577fe8125d74ff456cf942c733a85d769afe58b7",
        "type": "github"
      },
      "original": {
        "owner": "tinted-theming",
        "repo": "base16-vim",
        "rev": "577fe8125d74ff456cf942c733a85d769afe58b7",
        "type": "github"
      }
    },
    "coolroom-monitor": {
      "inputs": {
        "nix-rebar3": "nix-rebar3_2",
        "nixpkgs": "nixpkgs_2",
        "nixpkgs-purerl": "nixpkgs-purerl",
        "spago2nix": "spago2nix_2"
      },
      "locked": {
        "lastModified": 1717056472,
        "narHash": "sha256-LFq6AnJmJ/kbPkzMD7MlOwXpdMq9s/EsvbfIqPViVHM=",
        "ref": "refs/heads/master",
        "rev": "1a1212b57bc969b1b8785a0e1dcff33b04813c30",
        "revCount": 9,
        "type": "git",
        "url": "ssh://git@github.com/rskew/coolroom-monitor.git"
      },
      "original": {
        "type": "git",
        "url": "ssh://git@github.com/rskew/coolroom-monitor.git"
      }
    },
    "darwin": {
      "inputs": {
        "nixpkgs": [
          "agenix",
          "nixpkgs"
        ]
      },
      "locked": {
        "lastModified": 1673295039,
        "narHash": "sha256-AsdYgE8/GPwcelGgrntlijMg4t3hLFJFCRF3tL5WVjA=",
        "owner": "lnl7",
        "repo": "nix-darwin",
        "rev": "87b9d090ad39b25b2400029c64825fc2a8868943",
        "type": "github"
      },
      "original": {
        "owner": "lnl7",
        "ref": "master",
        "repo": "nix-darwin",
        "type": "github"
      }
    },
    "easy-purescript-nix": {
      "flake": false,
      "locked": {
        "lastModified": 1670198178,
        "narHash": "sha256-5KkyNpPakv4xIP2ba0S5GX+dcmd3AcO9kPhwa482BbA=",
        "owner": "justinwoo",
        "repo": "easy-purescript-nix",
        "rev": "7a4cb3cd6ca53566ea1675692eab0aa13907ff09",
        "type": "github"
      },
      "original": {
        "owner": "justinwoo",
        "repo": "easy-purescript-nix",
        "type": "github"
      }
    },
    "easy-purescript-nix_2": {
      "flake": false,
      "locked": {
        "lastModified": 1670198178,
        "narHash": "sha256-5KkyNpPakv4xIP2ba0S5GX+dcmd3AcO9kPhwa482BbA=",
        "owner": "justinwoo",
        "repo": "easy-purescript-nix",
        "rev": "7a4cb3cd6ca53566ea1675692eab0aa13907ff09",
        "type": "github"
      },
      "original": {
        "owner": "justinwoo",
        "repo": "easy-purescript-nix",
        "type": "github"
      }
    },
    "firefox-gnome-theme": {
      "flake": false,
      "locked": {
        "lastModified": 1764724327,
        "narHash": "sha256-OkFLrD3pFR952TrjQi1+Vdj604KLcMnkpa7lkW7XskI=",
        "owner": "rafaelmardojai",
        "repo": "firefox-gnome-theme",
        "rev": "66b7c635763d8e6eb86bd766de5a1e1fbfcc1047",
        "type": "github"
      },
      "original": {
        "owner": "rafaelmardojai",
        "repo": "firefox-gnome-theme",
        "type": "github"
      }
    },
    "flake-parts": {
      "inputs": {
        "nixpkgs-lib": [
          "stylix",
          "nixpkgs"
        ]
      },
      "locked": {
        "lastModified": 1763759067,
        "narHash": "sha256-LlLt2Jo/gMNYAwOgdRQBrsRoOz7BPRkzvNaI/fzXi2Q=",
        "owner": "hercules-ci",
        "repo": "flake-parts",
        "rev": "2cccadc7357c0ba201788ae99c4dfa90728ef5e0",
        "type": "github"
      },
      "original": {
        "owner": "hercules-ci",
        "repo": "flake-parts",
        "type": "github"
      }
    },
    "flake-utils": {
      "locked": {
        "lastModified": 1667395993,
        "narHash": "sha256-nuEHfE/LcWyuSWnS8t12N1wc105Qtau+/OdUAjtQ0rA=",
        "owner": "numtide",
        "repo": "flake-utils",
        "rev": "5aed5285a952e0b949eb3ba02c12fa4fcfef535f",
        "type": "github"
      },
      "original": {
        "owner": "numtide",
        "repo": "flake-utils",
        "type": "github"
      }
    },
    "flake-utils_2": {
      "locked": {
        "lastModified": 1667395993,
        "narHash": "sha256-nuEHfE/LcWyuSWnS8t12N1wc105Qtau+/OdUAjtQ0rA=",
        "owner": "numtide",
        "repo": "flake-utils",
        "rev": "5aed5285a952e0b949eb3ba02c12fa4fcfef535f",
        "type": "github"
      },
      "original": {
        "owner": "numtide",
        "repo": "flake-utils",
        "type": "github"
      }
    },
    "flake-utils_3": {
      "locked": {
        "lastModified": 1667395993,
        "narHash": "sha256-nuEHfE/LcWyuSWnS8t12N1wc105Qtau+/OdUAjtQ0rA=",
        "owner": "numtide",
        "repo": "flake-utils",
        "rev": "5aed5285a952e0b949eb3ba02c12fa4fcfef535f",
        "type": "github"
      },
      "original": {
        "owner": "numtide",
        "repo": "flake-utils",
        "type": "github"
      }
    },
    "flake-utils_4": {
      "locked": {
        "lastModified": 1667395993,
        "narHash": "sha256-nuEHfE/LcWyuSWnS8t12N1wc105Qtau+/OdUAjtQ0rA=",
        "owner": "numtide",
        "repo": "flake-utils",
        "rev": "5aed5285a952e0b949eb3ba02c12fa4fcfef535f",
        "type": "github"
      },
      "original": {
        "owner": "numtide",
        "repo": "flake-utils",
        "type": "github"
      }
    },
    "flake-utils_5": {
      "locked": {
        "lastModified": 1667395993,
        "narHash": "sha256-nuEHfE/LcWyuSWnS8t12N1wc105Qtau+/OdUAjtQ0rA=",
        "owner": "numtide",
        "repo": "flake-utils",
        "rev": "5aed5285a952e0b949eb3ba02c12fa4fcfef535f",
        "type": "github"
      },
      "original": {
        "owner": "numtide",
        "repo": "flake-utils",
        "type": "github"
      }
    },
    "flake-utils_6": {
      "locked": {
        "lastModified": 1667395993,
        "narHash": "sha256-nuEHfE/LcWyuSWnS8t12N1wc105Qtau+/OdUAjtQ0rA=",
        "owner": "numtide",
        "repo": "flake-utils",
        "rev": "5aed5285a952e0b949eb3ba02c12fa4fcfef535f",
        "type": "github"
      },
      "original": {
        "owner": "numtide",
        "repo": "flake-utils",
        "type": "github"
      }
    },
    "fromYaml": {
      "flake": false,
      "locked": {
        "lastModified": 1731966426,
        "narHash": "sha256-lq95WydhbUTWig/JpqiB7oViTcHFP8Lv41IGtayokA8=",
        "owner": "SenchoPens",
        "repo": "fromYaml",
        "rev": "106af9e2f715e2d828df706c386a685698f3223b",
        "type": "github"
      },
      "original": {
        "owner": "SenchoPens",
        "repo": "fromYaml",
        "type": "github"
      }
    },
    "gnome-shell": {
      "flake": false,
      "locked": {
        "host": "gitlab.gnome.org",
        "lastModified": 1764524476,
        "narHash": "sha256-bTmNn3Q4tMQ0J/P0O5BfTQwqEnCiQIzOGef9/aqAZvk=",
        "owner": "GNOME",
        "repo": "gnome-shell",
        "rev": "c0e1ad9f0f703fd0519033b8f46c3267aab51a22",
        "type": "gitlab"
      },
      "original": {
        "host": "gitlab.gnome.org",
        "owner": "GNOME",
        "ref": "gnome-49",
        "repo": "gnome-shell",
        "type": "gitlab"
      }
    },
    "harvest-admin-app": {
      "inputs": {
        "nixpkgs": "nixpkgs_3",
        "nixpkgs-old": "nixpkgs-old",
        "spago2nixSource": "spago2nixSource"
      },
      "locked": {
        "lastModified": 1676304891,
        "narHash": "sha256-y5c+CYvRoLa3LLXklPr2rh2IZcFphGyqdg249oP+Rck=",
        "ref": "refs/heads/master",
        "rev": "1d6a66b4393273e4ce13880773ada754f561ade2",
        "revCount": 103,
        "type": "git",
        "url": "ssh://git@github.com/rskew/greengrocer-admin-app.git"
      },
      "original": {
        "type": "git",
        "url": "ssh://git@github.com/rskew/greengrocer-admin-app.git"
      }
    },
    "harvest-front-page": {
      "flake": false,
      "locked": {
        "lastModified": 1736120778,
        "narHash": "sha256-vsJGC1fYFp33za/Gj2aSAazKE186W+RCTxgwhYhWyfA=",
        "owner": "rskew",
        "repo": "harvest-front-page",
        "rev": "0900c6d78d9b350844cb100e0aeb9226f5fbb777",
        "type": "github"
      },
      "original": {
        "owner": "rskew",
        "repo": "harvest-front-page",
        "type": "github"
      }
    },
    "home-manager": {
      "inputs": {
        "nixpkgs": [
          "nixpkgs-unstable"
        ]
      },
      "locked": {
        "lastModified": 1752391422,
        "narHash": "sha256-ReX0NG6nIAEtQQjLqeu1vUU2jjZuMlpymNtb4VQYeus=",
        "owner": "nix-community",
        "repo": "home-manager",
        "rev": "c26266790678863cce8e7460fdbf0d80991b1906",
        "type": "github"
      },
      "original": {
        "owner": "nix-community",
        "ref": "release-25.05",
        "repo": "home-manager",
        "type": "github"
      }
    },
    "kmonad": {
      "inputs": {
        "nixpkgs": "nixpkgs_4"
      },
      "locked": {
        "dir": "nix",
        "lastModified": 1739482726,
        "narHash": "sha256-hd8pl109hwtfjRHA1EMzfvNfblTaELL+ZZCEE+LKMYw=",
        "owner": "kmonad",
        "repo": "kmonad",
        "rev": "3801a782e3a01e01097ee98908cf31533fefc52b",
        "type": "github"
      },
      "original": {
        "dir": "nix",
        "owner": "kmonad",
        "repo": "kmonad",
        "type": "github"
      }
    },
    "meetthecandidatesmtalexander": {
      "flake": false,
      "locked": {
        "lastModified": 1728598856,
        "narHash": "sha256-Z9k2+UBvJv7By5JR8XwaHhH+eeruRChl8SEDfhPTguI=",
        "owner": "rskew",
        "repo": "meetthecandidatesmtalexander.com.au",
        "rev": "1d46fdc051b262de53dffcdbb88b37f68d0510f9",
        "type": "github"
      },
      "original": {
        "owner": "rskew",
        "repo": "meetthecandidatesmtalexander.com.au",
        "type": "github"
      }
    },
    "nix-rebar3": {
      "inputs": {
        "flake-utils": "flake-utils",
        "nixpkgs": [
          "autofarm",
          "nixpkgs"
        ]
      },
      "locked": {
        "lastModified": 1673169539,
        "narHash": "sha256-u83KCFZ92JG0MioUCw7By5E6yQRipR/C8JsoMfuA1h0=",
        "owner": "axelf4",
        "repo": "nix-rebar3",
        "rev": "53342af69f1d20b767b9bcbc10a535bd7a64d13a",
        "type": "github"
      },
      "original": {
        "owner": "axelf4",
        "repo": "nix-rebar3",
        "type": "github"
      }
    },
    "nix-rebar3_2": {
      "inputs": {
        "flake-utils": "flake-utils_4",
        "nixpkgs": [
          "coolroom-monitor",
          "nixpkgs"
        ]
      },
      "locked": {
        "lastModified": 1673169539,
        "narHash": "sha256-u83KCFZ92JG0MioUCw7By5E6yQRipR/C8JsoMfuA1h0=",
        "owner": "axelf4",
        "repo": "nix-rebar3",
        "rev": "53342af69f1d20b767b9bcbc10a535bd7a64d13a",
        "type": "github"
      },
      "original": {
        "owner": "axelf4",
        "repo": "nix-rebar3",
        "type": "github"
      }
    },
    "nixpkgs": {
      "locked": {
        "lastModified": 1672353432,
        "narHash": "sha256-oZfgp/44/o2tWiylV30cR+DLyWTJ+5dhsdWZVpzs3e4=",
        "owner": "NixOS",
        "repo": "nixpkgs",
        "rev": "913a47cd064cc06440ea84e5e0452039a85781f0",
        "type": "github"
      },
      "original": {
        "id": "nixpkgs",
        "ref": "nixos-22.11",
        "type": "indirect"
      }
    },
    "nixpkgs-old": {
      "locked": {
        "lastModified": 1659446231,
        "narHash": "sha256-hekabNdTdgR/iLsgce5TGWmfIDZ86qjPhxDg/8TlzhE=",
        "owner": "NixOS",
        "repo": "nixpkgs",
        "rev": "eabc38219184cc3e04a974fe31857d8e0eac098d",
        "type": "github"
      },
      "original": {
        "id": "nixpkgs",
        "ref": "nixos-21.11",
        "type": "indirect"
      }
    },
    "nixpkgs-purerl": {
      "inputs": {
        "flake-utils": "flake-utils_5",
        "nixpkgs": [
          "coolroom-monitor",
          "nixpkgs"
        ]
      },
      "locked": {
        "lastModified": 1673167500,
        "narHash": "sha256-TnkOx+gy6Nh608oseqoFYqmNnpkspCbK67UyuuyxvL4=",
        "owner": "rskew",
        "repo": "nixpkgs-purerl",
        "rev": "b8e316e9458f79ccbb71a1fbd2d99e7ab504836b",
        "type": "github"
      },
      "original": {
        "owner": "rskew",
        "repo": "nixpkgs-purerl",
        "type": "github"
      }
    },
    "nixpkgs-stable": {
      "locked": {
        "lastModified": 1764522689,
        "narHash": "sha256-SqUuBFjhl/kpDiVaKLQBoD8TLD+/cTUzzgVFoaHrkqY=",
        "owner": "nixos",
        "repo": "nixpkgs",
        "rev": "8bb5646e0bed5dbd3ab08c7a7cc15b75ab4e1d0f",
        "type": "github"
      },
      "original": {
        "owner": "nixos",
        "ref": "nixos-25.11",
        "repo": "nixpkgs",
        "type": "github"
      }
    },
    "nixpkgs-unstable": {
      "locked": {
        "lastModified": 1764890037,
        "narHash": "sha256-MY6SFZ67LRX1ML+s2IgggEYe10cGhuo6EJSO6lgYLfI=",
        "owner": "nixos",
        "repo": "nixpkgs",
        "rev": "fba245c24ffe3733ad7ccc1e377f6c0e39b8b3e1",
        "type": "github"
      },
      "original": {
        "owner": "nixos",
        "repo": "nixpkgs",
        "type": "github"
      }
    },
    "nixpkgs_2": {
      "locked": {
        "lastModified": 1672844754,
        "narHash": "sha256-o26WabuHABQsaHxxmIrR3AQRqDFUEdLckLXkVCpIjSU=",
        "owner": "NixOS",
        "repo": "nixpkgs",
        "rev": "e9ade2c8240e00a4784fac282a502efff2786bdc",
        "type": "github"
      },
      "original": {
        "id": "nixpkgs",
        "ref": "nixos-22.11",
        "type": "indirect"
      }
    },
    "nixpkgs_3": {
      "locked": {
        "lastModified": 1662099760,
        "narHash": "sha256-MdZLCTJPeHi/9fg6R9fiunyDwP3XHJqDd51zWWz9px0=",
        "owner": "NixOS",
        "repo": "nixpkgs",
        "rev": "67e45078141102f45eff1589a831aeaa3182b41e",
        "type": "github"
      },
      "original": {
        "id": "nixpkgs",
        "ref": "nixos-22.05",
        "type": "indirect"
      }
    },
    "nixpkgs_4": {
      "locked": {
        "lastModified": 1735648875,
        "narHash": "sha256-fQ4k/hyQiH9RRPznztsA9kbcDajvwV1sRm01el6Sr3c=",
        "owner": "NixOS",
        "repo": "nixpkgs",
        "rev": "47e29c20abef74c45322eca25ca1550cdf5c3b50",
        "type": "github"
      },
      "original": {
        "owner": "NixOS",
        "ref": "nixpkgs-unstable",
        "repo": "nixpkgs",
        "type": "github"
      }
    },
    "nixpkgs_5": {
      "locked": {
        "lastModified": 1752162966,
        "narHash": "sha256-3MxxkU8ZXMHXcbFz7UE4M6qnIPTYGcE/7EMqlZNnVDE=",
        "owner": "nixos",
        "repo": "nixpkgs",
        "rev": "10e687235226880ed5e9f33f1ffa71fe60f2638a",
        "type": "github"
      },
      "original": {
        "owner": "nixos",
        "ref": "nixos-unstable",
        "repo": "nixpkgs",
        "type": "github"
      }
    },
    "nixpkgs_6": {
      "locked": {
        "lastModified": 1717786204,
        "narHash": "sha256-4q0s6m0GUcN7q+Y2DqD27iLvbcd1G50T2lv08kKxkSI=",
        "owner": "nixos",
        "repo": "nixpkgs",
        "rev": "051f920625ab5aabe37c920346e3e69d7d34400e",
        "type": "github"
      },
      "original": {
        "owner": "nixos",
        "ref": "nixos-unstable",
        "repo": "nixpkgs",
        "type": "github"
      }
    },
    "notification-listener": {
      "inputs": {
        "nixpkgs": "nixpkgs_6"
      },
      "locked": {
        "lastModified": 1719907371,
        "narHash": "sha256-9g3Uf/tkuhGVe25AXHBETC4li4a37Xn6I/COPLAyeLg=",
        "ref": "refs/heads/master",
        "rev": "1ab4a990f8a4409a26c4a86f4e970687cafb93b6",
        "revCount": 6,
        "type": "git",
        "url": "ssh://git@github.com/rskew/notification-listener"
      },
      "original": {
        "type": "git",
        "url": "ssh://git@github.com/rskew/notification-listener"
      }
    },
    "nur": {
      "inputs": {
        "flake-parts": [
          "stylix",
          "flake-parts"
        ],
        "nixpkgs": [
          "stylix",
          "nixpkgs"
        ]
      },
      "locked": {
        "lastModified": 1764773531,
        "narHash": "sha256-mCBl7MD1WZ7yCG6bR9MmpPO2VydpNkWFgnslJRIT1YU=",
        "owner": "nix-community",
        "repo": "NUR",
        "rev": "1d9616689e98beded059ad0384b9951e967a17fa",
        "type": "github"
      },
      "original": {
        "owner": "nix-community",
        "repo": "NUR",
        "type": "github"
      }
    },
    "purerl": {
      "inputs": {
        "flake-utils": "flake-utils_2",
        "nixpkgs": [
          "autofarm",
          "nixpkgs"
        ]
      },
      "locked": {
        "lastModified": 1673167500,
        "narHash": "sha256-TnkOx+gy6Nh608oseqoFYqmNnpkspCbK67UyuuyxvL4=",
        "owner": "rskew",
        "repo": "nixpkgs-purerl",
        "rev": "b8e316e9458f79ccbb71a1fbd2d99e7ab504836b",
        "type": "github"
      },
      "original": {
        "owner": "rskew",
        "repo": "nixpkgs-purerl",
        "type": "github"
      }
    },
    "root": {
      "inputs": {
        "agenix": "agenix",
        "autofarm": "autofarm",
        "coolroom-monitor": "coolroom-monitor",
        "harvest-admin-app": "harvest-admin-app",
        "harvest-front-page": "harvest-front-page",
        "home-manager": "home-manager",
        "kmonad": "kmonad",
        "meetthecandidatesmtalexander": "meetthecandidatesmtalexander",
        "nixpkgs": "nixpkgs_5",
        "nixpkgs-stable": "nixpkgs-stable",
        "nixpkgs-unstable": "nixpkgs-unstable",
        "notification-listener": "notification-listener",
        "stylix": "stylix"
      }
    },
    "spago2nix": {
      "inputs": {
        "easy-purescript-nix": "easy-purescript-nix",
        "flake-utils": "flake-utils_3",
        "nixpkgs": [
          "autofarm",
          "nixpkgs"
        ]
      },
      "locked": {
        "lastModified": 1671225584,
        "narHash": "sha256-h9r67pmvDuA3TV9299L4CN60XSm8RRtX1EwUoKu9Pyw=",
        "owner": "justinwoo",
        "repo": "spago2nix",
        "rev": "1b8ec352bc7eac077b934d6b9f6efa0129926e59",
        "type": "github"
      },
      "original": {
        "owner": "justinwoo",
        "repo": "spago2nix",
        "type": "github"
      }
    },
    "spago2nixSource": {
      "flake": false,
      "locked": {
        "lastModified": 1641236534,
        "narHash": "sha256-a5cBQdkFg98NC8mpKzfVm5Iv2DtMSLlr9IclWp5D8mI=",
        "owner": "justinwoo",
        "repo": "spago2nix",
        "rev": "1c834738a8216a4c89d9defac9bf1c331d302a6a",
        "type": "github"
      },
      "original": {
        "owner": "justinwoo",
        "repo": "spago2nix",
        "type": "github"
      }
    },
    "spago2nix_2": {
      "inputs": {
        "easy-purescript-nix": "easy-purescript-nix_2",
        "flake-utils": "flake-utils_6",
        "nixpkgs": [
          "coolroom-monitor",
          "nixpkgs"
        ]
      },
      "locked": {
        "lastModified": 1671225584,
        "narHash": "sha256-h9r67pmvDuA3TV9299L4CN60XSm8RRtX1EwUoKu9Pyw=",
        "owner": "justinwoo",
        "repo": "spago2nix",
        "rev": "1b8ec352bc7eac077b934d6b9f6efa0129926e59",
        "type": "github"
      },
      "original": {
        "owner": "justinwoo",
        "repo": "spago2nix",
        "type": "github"
      }
    },
    "stylix": {
      "inputs": {
        "base16": "base16",
        "base16-fish": "base16-fish",
        "base16-helix": "base16-helix",
        "base16-vim": "base16-vim",
        "firefox-gnome-theme": "firefox-gnome-theme",
        "flake-parts": "flake-parts",
        "gnome-shell": "gnome-shell",
        "nixpkgs": [
          "nixpkgs-unstable"
        ],
        "nur": "nur",
        "systems": "systems",
        "tinted-foot": "tinted-foot",
        "tinted-kitty": "tinted-kitty",
        "tinted-schemes": "tinted-schemes",
        "tinted-tmux": "tinted-tmux",
        "tinted-zed": "tinted-zed"
      },
      "locked": {
        "lastModified": 1764979509,
        "narHash": "sha256-n68Io6VWMbUX4857RHqGOfH9MDdta7EX6OYn8e/m8sI=",
        "owner": "nix-community",
        "repo": "stylix",
        "rev": "3a332459f45b16c6df9d788e923f293a4c28d793",
        "type": "github"
      },
      "original": {
        "owner": "nix-community",
        "repo": "stylix",
        "type": "github"
      }
    },
    "systems": {
      "locked": {
        "lastModified": 1681028828,
        "narHash": "sha256-Vy1rq5AaRuLzOxct8nz4T6wlgyUR7zLU309k9mBC768=",
        "owner": "nix-systems",
        "repo": "default",
        "rev": "da67096a3b9bf56a91d16901293e51ba5b49a27e",
        "type": "github"
      },
      "original": {
        "owner": "nix-systems",
        "repo": "default",
        "type": "github"
      }
    },
    "tinted-foot": {
      "flake": false,
      "locked": {
        "lastModified": 1726913040,
        "narHash": "sha256-+eDZPkw7efMNUf3/Pv0EmsidqdwNJ1TaOum6k7lngDQ=",
        "owner": "tinted-theming",
        "repo": "tinted-foot",
        "rev": "fd1b924b6c45c3e4465e8a849e67ea82933fcbe4",
        "type": "github"
      },
      "original": {
        "owner": "tinted-theming",
        "repo": "tinted-foot",
        "rev": "fd1b924b6c45c3e4465e8a849e67ea82933fcbe4",
        "type": "github"
      }
    },
    "tinted-kitty": {
      "flake": false,
      "locked": {
        "lastModified": 1735730497,
        "narHash": "sha256-4KtB+FiUzIeK/4aHCKce3V9HwRvYaxX+F1edUrfgzb8=",
        "owner": "tinted-theming",
        "repo": "tinted-kitty",
        "rev": "de6f888497f2c6b2279361bfc790f164bfd0f3fa",
        "type": "github"
      },
      "original": {
        "owner": "tinted-theming",
        "repo": "tinted-kitty",
        "type": "github"
      }
    },
    "tinted-schemes": {
      "flake": false,
      "locked": {
        "lastModified": 1763914658,
        "narHash": "sha256-Hju0WtMf3iForxtOwXqGp3Ynipo0EYx1AqMKLPp9BJw=",
        "owner": "tinted-theming",
        "repo": "schemes",
        "rev": "0f6be815d258e435c9b137befe5ef4ff24bea32c",
        "type": "github"
      },
      "original": {
        "owner": "tinted-theming",
        "repo": "schemes",
        "type": "github"
      }
    },
    "tinted-tmux": {
      "flake": false,
      "locked": {
        "lastModified": 1764465359,
        "narHash": "sha256-lbSVPqLEk2SqMrnpvWuKYGCaAlfWFMA6MVmcOFJjdjE=",
        "owner": "tinted-theming",
        "repo": "tinted-tmux",
        "rev": "edf89a780e239263cc691a987721f786ddc4f6aa",
        "type": "github"
      },
      "original": {
        "owner": "tinted-theming",
        "repo": "tinted-tmux",
        "type": "github"
      }
    },
    "tinted-zed": {
      "flake": false,
      "locked": {
        "lastModified": 1764464512,
        "narHash": "sha256-rCD/pAhkMdCx6blsFwxIyvBJbPZZ1oL2sVFrH07lmqg=",
        "owner": "tinted-theming",
        "repo": "base16-zed",
        "rev": "907dbba5fb8cf69ebfd90b00813418a412d0a29a",
        "type": "github"
      },
      "original": {
        "owner": "tinted-theming",
        "repo": "base16-zed",
        "type": "github"
      }
    }
  },
  "root": "root",
  "version": 7
}
